
Microsoft Visual Studio Solution File, Format Version 12.00
# Visual Studio Version 17
VisualStudioVersion = 17.5.33530.505
MinimumVisualStudioVersion = 10.0.40219.1
Project("{9A19103F-16F7-4668-BE54-9A1E7A4F7556}") = "TemplateApi", "TemplateApi\TemplateApi.csproj", "{89E748C1-7AB2-487F-9CB1-5A94B2B50074}"
EndProject
Global
	GlobalSection(SolutionConfigurationPlatforms) = preSolution
		Debug|Any CPU = Debug|Any CPU
		Release|Any CPU = Release|Any CPU
	EndGlobalSection
	GlobalSection(ProjectConfigurationPlatforms) = postSolution
		{89E748C1-7AB2-487F-9CB1-5A94B2B50074}.Debug|Any CPU.ActiveCfg = Debug|Any CPU
		{89E748C1-7AB2-487F-9CB1-5A94B2B50074}.Debug|Any CPU.Build.0 = Debug|Any CPU
		{89E748C1-7AB2-487F-9CB1-5A94B2B50074}.Release|Any CPU.ActiveCfg = Release|Any CPU
		{89E748C1-7AB2-487F-9CB1-5A94B2B50074}.Release|Any CPU.Build.0 = Release|Any CPU
	EndGlobalSection
	GlobalSection(SolutionProperties) = preSolution
		HideSolutionNode = FALSE
	EndGlobalSection
	GlobalSection(ExtensibilityGlobals) = postSolution
		SolutionGuid = {C0281803-B959-4017-A039-B0013DA6C84D}
	EndGlobalSection
EndGlobal
